
Microsoft Visual Studio Solution File, Format Version 12.00
# Visual Studio Version 17
VisualStudioVersion = 17.1.32407.343
MinimumVisualStudioVersion = 10.0.40219.1
Project("{8BC9CEB8-8B4A-11D0-8D11-00A0C91BC942}") = "EX1-2", "EX1-2\EX1-2.vcxproj", "{31E1B56A-D20E-4FF8-B44B-6517DD909726}"
EndProject
Project("{8BC9CEB8-8B4A-11D0-8D11-00A0C91BC942}") = "EX1-1", "EX1-1\EX1-1.vcxproj", "{5A41F76C-5934-4CA2-96FB-3FE5A53D9CFD}"
EndProject
Global
	GlobalSection(SolutionConfigurationPlatforms) = preSolution
		Debug|x64 = Debug|x64
		Debug|x86 = Debug|x86
		Release|x64 = Release|x64
		Release|x86 = Release|x86
	EndGlobalSection
	GlobalSection(ProjectConfigurationPlatforms) = postSolution
		{31E1B56A-D20E-4FF8-B44B-6517DD909726}.Debug|x64.ActiveCfg = Debug|x64
		{31E1B56A-D20E-4FF8-B44B-6517DD909726}.Debug|x64.Build.0 = Debug|x64
		{31E1B56A-D20E-4FF8-B44B-6517DD909726}.Debug|x86.ActiveCfg = Debug|Win32
		{31E1B56A-D20E-4FF8-B44B-6517DD909726}.Debug|x86.Build.0 = Debug|Win32
		{31E1B56A-D20E-4FF8-B44B-6517DD909726}.Release|x64.ActiveCfg = Release|x64
		{31E1B56A-D20E-4FF8-B44B-6517DD909726}.Release|x64.Build.0 = Release|x64
		{31E1B56A-D20E-4FF8-B44B-6517DD909726}.Release|x86.ActiveCfg = Release|Win32
		{31E1B56A-D20E-4FF8-B44B-6517DD909726}.Release|x86.Build.0 = Release|Win32
		{5A41F76C-5934-4CA2-96FB-3FE5A53D9CFD}.Debug|x64.ActiveCfg = Debug|x64
		{5A41F76C-5934-4CA2-96FB-3FE5A53D9CFD}.Debug|x64.Build.0 = Debug|x64
		{5A41F76C-5934-4CA2-96FB-3FE5A53D9CFD}.Debug|x86.ActiveCfg = Debug|Win32
		{5A41F76C-5934-4CA2-96FB-3FE5A53D9CFD}.Debug|x86.Build.0 = Debug|Win32
		{5A41F76C-5934-4CA2-96FB-3FE5A53D9CFD}.Release|x64.ActiveCfg = Release|x64
		{5A41F76C-5934-4CA2-96FB-3FE5A53D9CFD}.Release|x64.Build.0 = Release|x64
		{5A41F76C-5934-4CA2-96FB-3FE5A53D9CFD}.Release|x86.ActiveCfg = Release|Win32
		{5A41F76C-5934-4CA2-96FB-3FE5A53D9CFD}.Release|x86.Build.0 = Release|Win32
	EndGlobalSection
	GlobalSection(SolutionProperties) = preSolution
		HideSolutionNode = FALSE
	EndGlobalSection
	GlobalSection(ExtensibilityGlobals) = postSolution
		SolutionGuid = {B9F91FF8-D776-4195-9586-B9780A733920}
	EndGlobalSection
EndGlobal
